
Microsoft Visual Studio Solution File, Format Version 12.00
# Visual Studio Version 17
VisualStudioVersion = 17.10.35122.118
MinimumVisualStudioVersion = 10.0.40219.1
Project("{FAE04EC0-301F-11D3-BF4B-00C04F79EFBC}") = "Proyecto 5", "Proyecto 5\Proyecto 5.csproj", "{3FD8F24F-FF39-4BD9-8E08-28CAD4644A5D}"
EndProject
Global
	GlobalSection(SolutionConfigurationPlatforms) = preSolution
		Debug|Any CPU = Debug|Any CPU
		Release|Any CPU = Release|Any CPU
	EndGlobalSection
	GlobalSection(ProjectConfigurationPlatforms) = postSolution
		{3FD8F24F-FF39-4BD9-8E08-28CAD4644A5D}.Debug|Any CPU.ActiveCfg = Debug|Any CPU
		{3FD8F24F-FF39-4BD9-8E08-28CAD4644A5D}.Debug|Any CPU.Build.0 = Debug|Any CPU
		{3FD8F24F-FF39-4BD9-8E08-28CAD4644A5D}.Release|Any CPU.ActiveCfg = Release|Any CPU
		{3FD8F24F-FF39-4BD9-8E08-28CAD4644A5D}.Release|Any CPU.Build.0 = Release|Any CPU
	EndGlobalSection
	GlobalSection(SolutionProperties) = preSolution
		HideSolutionNode = FALSE
	EndGlobalSection
	GlobalSection(ExtensibilityGlobals) = postSolution
		SolutionGuid = {C4EA594F-7595-4E15-99D4-C52E95293D32}
	EndGlobalSection
EndGlobal
